
Microsoft Visual Studio Solution File, Format Version 12.00
# Visual Studio Version 16
VisualStudioVersion = 16.0.34301.259
MinimumVisualStudioVersion = 10.0.40219.1
Project("{FAE04EC0-301F-11D3-BF4B-00C04F79EFBC}") = "E-library Management System", "E-library Management System\E-library Management System.csproj", "{9AECB9CD-EA6C-4555-A91A-2C2992E449E3}"
EndProject
Global
	GlobalSection(SolutionConfigurationPlatforms) = preSolution
		Debug|Any CPU = Debug|Any CPU
		Release|Any CPU = Release|Any CPU
	EndGlobalSection
	GlobalSection(ProjectConfigurationPlatforms) = postSolution
		{9AECB9CD-EA6C-4555-A91A-2C2992E449E3}.Debug|Any CPU.ActiveCfg = Debug|Any CPU
		{9AECB9CD-EA6C-4555-A91A-2C2992E449E3}.Debug|Any CPU.Build.0 = Debug|Any CPU
		{9AECB9CD-EA6C-4555-A91A-2C2992E449E3}.Release|Any CPU.ActiveCfg = Release|Any CPU
		{9AECB9CD-EA6C-4555-A91A-2C2992E449E3}.Release|Any CPU.Build.0 = Release|Any CPU
	EndGlobalSection
	GlobalSection(SolutionProperties) = preSolution
		HideSolutionNode = FALSE
	EndGlobalSection
	GlobalSection(ExtensibilityGlobals) = postSolution
		SolutionGuid = {AC3CB10F-C9BE-42E7-B31A-039135B6A7A6}
	EndGlobalSection
EndGlobal
